lockfileVersion: '9.0'

settings:
  autoInstallPeers: true
  excludeLinksFromLockfile: false

importers:

  .:
    dependencies:
      '@telegram-apps/telegram-ui':
        specifier: ^2.1.13
        version: 2.1.13(@types/react-dom@19.2.3(@types/react@19.2.10))(@types/react@19.2.10)(react-dom@19.2.4(react@19.2.4))(react@19.2.4)
      '@tma.js/sdk-react':
        specifier: ^3.0.11
        version: 3.0.15(@types/react@19.2.10)(react@19.2.4)(typescript@5.9.3)
      next:
        specifier: 16.0.10
        version: 16.0.10(react-dom@19.2.4(react@19.2.4))(react@19.2.4)
      normalize.css:
        specifier: ^8.0.1
        version: 8.0.1
      react:
        specifier: ^19
        version: 19.2.4
      react-dom:
        specifier: ^19
        version: 19.2.4(react@19.2.4)
    devDependencies:
      '@types/node':
        specifier: ^24
        version: 24.10.10
      '@types/react':
        specifier: ^19
        version: 19.2.10
      '@types/react-dom':
        specifier: ^19
        version: 19.2.3(@types/react@19.2.10)
      typescript:
        specifier: ^5.9.3
        version: 5.9.3

packages:

  '@emnapi/runtime@1.8.1':
    resolution: {integrity: sha512-mehfKSMWjjNol8659Z8KxEMrdSJDDot5SXMq00dM8BN4o+CLNXQ0xH2V7EchNHV4RmbZLmmPdEaXZc5H2FXmDg==}

  '@floating-ui/core@1.7.4':
    resolution: {integrity: sha512-C3HlIdsBxszvm5McXlB8PeOEWfBhcGBTZGkGlWc2U0KFY5IwG5OQEuQ8rq52DZmcHDlPLd+YFBK+cZcytwIFWg==}

  '@floating-ui/dom@1.7.5':
    resolution: {integrity: sha512-N0bD2kIPInNHUHehXhMke1rBGs1dwqvC9O9KYMyyjK7iXt7GAhnro7UlcuYcGdS/yYOlq0MAVgrow8IbWJwyqg==}

  '@floating-ui/react-dom@2.1.7':
    resolution: {integrity: sha512-0tLRojf/1Go2JgEVm+3Frg9A3IW8bJgKgdO0BN5RkF//ufuz2joZM63Npau2ff3J6lUVYgDSNzNkR+aH3IVfjg==}
    peerDependencies:
      react: '>=16.8.0'
      react-dom: '>=16.8.0'

  '@floating-ui/utils@0.2.10':
    resolution: {integrity: sha512-aGTxbpbg8/b5JfU1HXSrbH3wXZuLPJcNEcZQFMxLs3oSzgtVu6nFPkbbGGUvBcUjKV2YyB9Wxxabo+HEH9tcRQ==}

  '@img/colour@1.0.0':
    resolution: {integrity: sha512-A5P/LfWGFSl6nsckYtjw9da+19jB8hkJ6ACTGcDfEJ0aE+l2n2El7dsVM7UVHZQ9s2lmYMWlrS21YLy2IR1LUw==}
    engines: {node: '>=18'}

  '@img/sharp-darwin-arm64@0.34.5':
    resolution: {integrity: sha512-imtQ3WMJXbMY4fxb/Ndp6HBTNVtWCUI0WdobyheGf5+ad6xX8VIDO8u2xE4qc/fr08CKG/7dDseFtn6M6g/r3w==}
    engines: {node: ^18.17.0 || ^20.3.0 || >=21.0.0}
    cpu: [arm64]
    os: [darwin]

  '@img/sharp-darwin-x64@0.34.5':
    resolution: {integrity: sha512-YNEFAF/4KQ/PeW0N+r+aVVsoIY0/qxxikF2SWdp+NRkmMB7y9LBZAVqQ4yhGCm/H3H270OSykqmQMKLBhBJDEw==}
    engines: {node: ^18.17.0 || ^20.3.0 || >=21.0.0}
    cpu: [x64]
    os: [darwin]

  '@img/sharp-libvips-darwin-arm64@1.2.4':
    resolution: {integrity: sha512-zqjjo7RatFfFoP0MkQ51jfuFZBnVE2pRiaydKJ1G/rHZvnsrHAOcQALIi9sA5co5xenQdTugCvtb1cuf78Vf4g==}
    cpu: [arm64]
    os: [darwin]

  '@img/sharp-libvips-darwin-x64@1.2.4':
    resolution: {integrity: sha512-1IOd5xfVhlGwX+zXv2N93k0yMONvUlANylbJw1eTah8K/Jtpi15KC+WSiaX/nBmbm2HxRM1gZ0nSdjSsrZbGKg==}
    cpu: [x64]
    os: [darwin]

  '@img/sharp-libvips-linux-arm64@1.2.4':
    resolution: {integrity: sha512-excjX8DfsIcJ10x1Kzr4RcWe1edC9PquDRRPx3YVCvQv+U5p7Yin2s32ftzikXojb1PIFc/9Mt28/y+iRklkrw==}
    cpu: [arm64]
    os: [linux]

  '@img/sharp-libvips-linux-arm@1.2.4':
    resolution: {integrity: sha512-bFI7xcKFELdiNCVov8e44Ia4u2byA+l3XtsAj+Q8tfCwO6BQ8iDojYdvoPMqsKDkuoOo+X6HZA0s0q11ANMQ8A==}
    cpu: [arm]
    os: [linux]

  '@img/sharp-libvips-linux-ppc64@1.2.4':
    resolution: {integrity: sha512-FMuvGijLDYG6lW+b/UvyilUWu5Ayu+3r2d1S8notiGCIyYU/76eig1UfMmkZ7vwgOrzKzlQbFSuQfgm7GYUPpA==}
    cpu: [ppc64]
    os: [linux]

  '@img/sharp-libvips-linux-riscv64@1.2.4':
    resolution: {integrity: sha512-oVDbcR4zUC0ce82teubSm+x6ETixtKZBh/qbREIOcI3cULzDyb18Sr/Wcyx7NRQeQzOiHTNbZFF1UwPS2scyGA==}
    cpu: [riscv64]
    os: [linux]

  '@img/sharp-libvips-linux-s390x@1.2.4':
    resolution: {integrity: sha512-qmp9VrzgPgMoGZyPvrQHqk02uyjA0/QrTO26Tqk6l4ZV0MPWIW6LTkqOIov+J1yEu7MbFQaDpwdwJKhbJvuRxQ==}
    cpu: [s390x]
    os: [linux]

  '@img/sharp-libvips-linux-x64@1.2.4':
    resolution: {integrity: sha512-tJxiiLsmHc9Ax1bz3oaOYBURTXGIRDODBqhveVHonrHJ9/+k89qbLl0bcJns+e4t4rvaNBxaEZsFtSfAdquPrw==}
    cpu: [x64]
    os: [linux]

  '@img/sharp-libvips-linuxmusl-arm64@1.2.4':
    resolution: {integrity: sha512-FVQHuwx1IIuNow9QAbYUzJ+En8KcVm9Lk5+uGUQJHaZmMECZmOlix9HnH7n1TRkXMS0pGxIJokIVB9SuqZGGXw==}
    cpu: [arm64]
    os: [linux]

  '@img/sharp-libvips-linuxmusl-x64@1.2.4':
    resolution: {integrity: sha512-+LpyBk7L44ZIXwz/VYfglaX/okxezESc6UxDSoyo2Ks6Jxc4Y7sGjpgU9s4PMgqgjj1gZCylTieNamqA1MF7Dg==}
    cpu: [x64]
    os: [linux]

  '@img/sharp-linux-arm64@0.34.5':
    resolution: {integrity: sha512-bKQzaJRY/bkPOXyKx5EVup7qkaojECG6NLYswgktOZjaXecSAeCWiZwwiFf3/Y+O1HrauiE3FVsGxFg8c24rZg==}
    engines: {node: ^18.17.0 || ^20.3.0 || >=21.0.0}
    cpu: [arm64]
    os: [linux]

  '@img/sharp-linux-arm@0.34.5':
    resolution: {integrity: sha512-9dLqsvwtg1uuXBGZKsxem9595+ujv0sJ6Vi8wcTANSFpwV/GONat5eCkzQo/1O6zRIkh0m/8+5BjrRr7jDUSZw==}
    engines: {node: ^18.17.0 || ^20.3.0 || >=21.0.0}
    cpu: [arm]
    os: [linux]

  '@img/sharp-linux-ppc64@0.34.5':
    resolution: {integrity: sha512-7zznwNaqW6YtsfrGGDA6BRkISKAAE1Jo0QdpNYXNMHu2+0dTrPflTLNkpc8l7MUP5M16ZJcUvysVWWrMefZquA==}
    engines: {node: ^18.17.0 || ^20.3.0 || >=21.0.0}
    cpu: [ppc64]
    os: [linux]

  '@img/sharp-linux-riscv64@0.34.5':
    resolution: {integrity: sha512-51gJuLPTKa7piYPaVs8GmByo7/U7/7TZOq+cnXJIHZKavIRHAP77e3N2HEl3dgiqdD/w0yUfiJnII77PuDDFdw==}
    engines: {node: ^18.17.0 || ^20.3.0 || >=21.0.0}
    cpu: [riscv64]
    os: [linux]

  '@img/sharp-linux-s390x@0.34.5':
    resolution: {integrity: sha512-nQtCk0PdKfho3eC5MrbQoigJ2gd1CgddUMkabUj+rBevs8tZ2cULOx46E7oyX+04WGfABgIwmMC0VqieTiR4jg==}
    engines: {node: ^18.17.0 || ^20.3.0 || >=21.0.0}
    cpu: [s390x]
    os: [linux]

  '@img/sharp-linux-x64@0.34.5':
    resolution: {integrity: sha512-MEzd8HPKxVxVenwAa+JRPwEC7QFjoPWuS5NZnBt6B3pu7EG2Ge0id1oLHZpPJdn3OQK+BQDiw9zStiHBTJQQQQ==}
    engines: {node: ^18.17.0 || ^20.3.0 || >=21.0.0}
    cpu: [x64]
    os: [linux]

  '@img/sharp-linuxmusl-arm64@0.34.5':
    resolution: {integrity: sha512-fprJR6GtRsMt6Kyfq44IsChVZeGN97gTD331weR1ex1c1rypDEABN6Tm2xa1wE6lYb5DdEnk03NZPqA7Id21yg==}
    engines: {node: ^18.17.0 || ^20.3.0 || >=21.0.0}
    cpu: [arm64]
    os: [linux]

  '@img/sharp-linuxmusl-x64@0.34.5':
    resolution: {integrity: sha512-Jg8wNT1MUzIvhBFxViqrEhWDGzqymo3sV7z7ZsaWbZNDLXRJZoRGrjulp60YYtV4wfY8VIKcWidjojlLcWrd8Q==}
    engines: {node: ^18.17.0 || ^20.3.0 || >=21.0.0}
    cpu: [x64]
    os: [linux]

  '@img/sharp-wasm32@0.34.5':
    resolution: {integrity: sha512-OdWTEiVkY2PHwqkbBI8frFxQQFekHaSSkUIJkwzclWZe64O1X4UlUjqqqLaPbUpMOQk6FBu/HtlGXNblIs0huw==}
    engines: {node: ^18.17.0 || ^20.3.0 || >=21.0.0}
    cpu: [wasm32]

  '@img/sharp-win32-arm64@0.34.5':
    resolution: {integrity: sha512-WQ3AgWCWYSb2yt+IG8mnC6Jdk9Whs7O0gxphblsLvdhSpSTtmu69ZG1Gkb6NuvxsNACwiPV6cNSZNzt0KPsw7g==}
    engines: {node: ^18.17.0 || ^20.3.0 || >=21.0.0}
    cpu: [arm64]
    os: [win32]

  '@img/sharp-win32-ia32@0.34.5':
    resolution: {integrity: sha512-FV9m/7NmeCmSHDD5j4+4pNI8Cp3aW+JvLoXcTUo0IqyjSfAZJ8dIUmijx1qaJsIiU+Hosw6xM5KijAWRJCSgNg==}
    engines: {node: ^18.17.0 || ^20.3.0 || >=21.0.0}
    cpu: [ia32]
    os: [win32]

  '@img/sharp-win32-x64@0.34.5':
    resolution: {integrity: sha512-+29YMsqY2/9eFEiW93eqWnuLcWcufowXewwSNIT6UwZdUUCrM3oFjMWH/Z6/TMmb4hlFenmfAVbpWeup2jryCw==}
    engines: {node: ^18.17.0 || ^20.3.0 || >=21.0.0}
    cpu: [x64]
    os: [win32]

  '@next/env@16.0.10':
    resolution: {integrity: sha512-8tuaQkyDVgeONQ1MeT9Mkk8pQmZapMKFh5B+OrFUlG3rVmYTXcXlBetBgTurKXGaIZvkoqRT9JL5K3phXcgang==}

  '@next/swc-darwin-arm64@16.0.10':
    resolution: {integrity: sha512-4XgdKtdVsaflErz+B5XeG0T5PeXKDdruDf3CRpnhN+8UebNa5N2H58+3GDgpn/9GBurrQ1uWW768FfscwYkJRg==}
    engines: {node: '>= 10'}
    cpu: [arm64]
    os: [darwin]

  '@next/swc-darwin-x64@16.0.10':
    resolution: {integrity: sha512-spbEObMvRKkQ3CkYVOME+ocPDFo5UqHb8EMTS78/0mQ+O1nqE8toHJVioZo4TvebATxgA8XMTHHrScPrn68OGw==}
    engines: {node: '>= 10'}
    cpu: [x64]
    os: [darwin]

  '@next/swc-linux-arm64-gnu@16.0.10':
    resolution: {integrity: sha512-uQtWE3X0iGB8apTIskOMi2w/MKONrPOUCi5yLO+v3O8Mb5c7K4Q5KD1jvTpTF5gJKa3VH/ijKjKUq9O9UhwOYw==}
    engines: {node: '>= 10'}
    cpu: [arm64]
    os: [linux]

  '@next/swc-linux-arm64-musl@16.0.10':
    resolution: {integrity: sha512-llA+hiDTrYvyWI21Z0L1GiXwjQaanPVQQwru5peOgtooeJ8qx3tlqRV2P7uH2pKQaUfHxI/WVarvI5oYgGxaTw==}
    engines: {node: '>= 10'}
    cpu: [arm64]
    os: [linux]

  '@next/swc-linux-x64-gnu@16.0.10':
    resolution: {integrity: sha512-AK2q5H0+a9nsXbeZ3FZdMtbtu9jxW4R/NgzZ6+lrTm3d6Zb7jYrWcgjcpM1k8uuqlSy4xIyPR2YiuUr+wXsavA==}
    engines: {node: '>= 10'}
    cpu: [x64]
    os: [linux]

  '@next/swc-linux-x64-musl@16.0.10':
    resolution: {integrity: sha512-1TDG9PDKivNw5550S111gsO4RGennLVl9cipPhtkXIFVwo31YZ73nEbLjNC8qG3SgTz/QZyYyaFYMeY4BKZR/g==}
    engines: {node: '>= 10'}
    cpu: [x64]
    os: [linux]

  '@next/swc-win32-arm64-msvc@16.0.10':
    resolution: {integrity: sha512-aEZIS4Hh32xdJQbHz121pyuVZniSNoqDVx1yIr2hy+ZwJGipeqnMZBJHyMxv2tiuAXGx6/xpTcQJ6btIiBjgmg==}
    engines: {node: '>= 10'}
    cpu: [arm64]
    os: [win32]

  '@next/swc-win32-x64-msvc@16.0.10':
    resolution: {integrity: sha512-E+njfCoFLb01RAFEnGZn6ERoOqhK1Gl3Lfz1Kjnj0Ulfu7oJbuMyvBKNj/bw8XZnenHDASlygTjZICQW+rYW1Q==}
    engines: {node: '>= 10'}
    cpu: [x64]
    os: [win32]

  '@radix-ui/primitive@1.1.3':
    resolution: {integrity: sha512-JTF99U/6XIjCBo0wqkU5sK10glYe27MRRsfwoiq5zzOEZLHU3A3KCMa5X/azekYRCJ0HlwI0crAXS/5dEHTzDg==}

  '@radix-ui/react-compose-refs@1.1.2':
    resolution: {integrity: sha512-z4eqJvfiNnFMHIIvXP3CY57y2WJs5g2v3X0zm9mEJkrkNv4rDxu+sg9Jh8EkXyeqBkB7SOcboo9dMVqhyrACIg==}
    peerDependencies:
      '@types/react': '*'
      react: ^16.8 || ^17.0 || ^18.0 || ^19.0 || ^19.0.0-rc
    peerDependenciesMeta:
      '@types/react':
        optional: true

  '@radix-ui/react-context@1.1.2':
    resolution: {integrity: sha512-jCi/QKUM2r1Ju5a3J64TH2A5SpKAgh0LpknyqdQ4m6DCV0xJ2HG1xARRwNGPQfi1SLdLWZ1OJz6F4OMBBNiGJA==}
    peerDependencies:
      '@types/react': '*'
      react: ^16.8 || ^17.0 || ^18.0 || ^19.0 || ^19.0.0-rc
    peerDependenciesMeta:
      '@types/react':
        optional: true

  '@radix-ui/react-dialog@1.1.15':
    resolution: {integrity: sha512-TCglVRtzlffRNxRMEyR36DGBLJpeusFcgMVD9PZEzAKnUs1lKCgX5u9BmC2Yg+LL9MgZDugFFs1Vl+Jp4t/PGw==}
    peerDependencies:
      '@types/react': '*'
      '@types/react-dom': '*'
      react: ^16.8 || ^17.0 || ^18.0 || ^19.0 || ^19.0.0-rc
      react-dom: ^16.8 || ^17.0 || ^18.0 || ^19.0 || ^19.0.0-rc
    peerDependenciesMeta:
      '@types/react':
        optional: true
      '@types/react-dom':
        optional: true

  '@radix-ui/react-dismissable-layer@1.1.11':
    resolution: {integrity: sha512-Nqcp+t5cTB8BinFkZgXiMJniQH0PsUt2k51FUhbdfeKvc4ACcG2uQniY/8+h1Yv6Kza4Q7lD7PQV0z0oicE0Mg==}
    peerDependencies:
      '@types/react': '*'
      '@types/react-dom': '*'
      react: ^16.8 || ^17.0 || ^18.0 || ^19.0 || ^19.0.0-rc
      react-dom: ^16.8 || ^17.0 || ^18.0 || ^19.0 || ^19.0.0-rc
    peerDependenciesMeta:
      '@types/react':
        optional: true
      '@types/react-dom':
        optional: true

  '@radix-ui/react-focus-guards@1.1.3':
    resolution: {integrity: sha512-0rFg/Rj2Q62NCm62jZw0QX7a3sz6QCQU0LpZdNrJX8byRGaGVTqbrW9jAoIAHyMQqsNpeZ81YgSizOt5WXq0Pw==}
    peerDependencies:
      '@types/react': '*'
      react: ^16.8 || ^17.0 || ^18.0 || ^19.0 || ^19.0.0-rc
    peerDependenciesMeta:
      '@types/react':
        optional: true

  '@radix-ui/react-focus-scope@1.1.7':
    resolution: {integrity: sha512-t2ODlkXBQyn7jkl6TNaw/MtVEVvIGelJDCG41Okq/KwUsJBwQ4XVZsHAVUkK4mBv3ewiAS3PGuUWuY2BoK4ZUw==}
    peerDependencies:
      '@types/react': '*'
      '@types/react-dom': '*'
      react: ^16.8 || ^17.0 || ^18.0 || ^19.0 || ^19.0.0-rc
      react-dom: ^16.8 || ^17.0 || ^18.0 || ^19.0 || ^19.0.0-rc
    peerDependenciesMeta:
      '@types/react':
        optional: true
      '@types/react-dom':
        optional: true

  '@radix-ui/react-id@1.1.1':
    resolution: {integrity: sha512-kGkGegYIdQsOb4XjsfM97rXsiHaBwco+hFI66oO4s9LU+PLAC5oJ7khdOVFxkhsmlbpUqDAvXw11CluXP+jkHg==}
    peerDependencies:
      '@types/react': '*'
      react: ^16.8 || ^17.0 || ^18.0 || ^19.0 || ^19.0.0-rc
    peerDependenciesMeta:
      '@types/react':
        optional: true

  '@radix-ui/react-portal@1.1.9':
    resolution: {integrity: sha512-bpIxvq03if6UNwXZ+HTK71JLh4APvnXntDc6XOX8UVq4XQOVl7lwok0AvIl+b8zgCw3fSaVTZMpAPPagXbKmHQ==}
    peerDependencies:
      '@types/react': '*'
      '@types/react-dom': '*'
      react: ^16.8 || ^17.0 || ^18.0 || ^19.0 || ^19.0.0-rc
      react-dom: ^16.8 || ^17.0 || ^18.0 || ^19.0 || ^19.0.0-rc
    peerDependenciesMeta:
      '@types/react':
        optional: true
      '@types/react-dom':
        optional: true

  '@radix-ui/react-presence@1.1.5':
    resolution: {integrity: sha512-/jfEwNDdQVBCNvjkGit4h6pMOzq8bHkopq458dPt2lMjx+eBQUohZNG9A7DtO/O5ukSbxuaNGXMjHicgwy6rQQ==}
    peerDependencies:
      '@types/react': '*'
      '@types/react-dom': '*'
      react: ^16.8 || ^17.0 || ^18.0 || ^19.0 || ^19.0.0-rc
      react-dom: ^16.8 || ^17.0 || ^18.0 || ^19.0 || ^19.0.0-rc
    peerDependenciesMeta:
      '@types/react':
        optional: true
      '@types/react-dom':
        optional: true

  '@radix-ui/react-primitive@2.1.3':
    resolution: {integrity: sha512-m9gTwRkhy2lvCPe6QJp4d3G1TYEUHn/FzJUtq9MjH46an1wJU+GdoGC5VLof8RX8Ft/DlpshApkhswDLZzHIcQ==}
    peerDependencies:
      '@types/react': '*'
      '@types/react-dom': '*'
      react: ^16.8 || ^17.0 || ^18.0 || ^19.0 || ^19.0.0-rc
      react-dom: ^16.8 || ^17.0 || ^18.0 || ^19.0 || ^19.0.0-rc
    peerDependenciesMeta:
      '@types/react':
        optional: true
      '@types/react-dom':
        optional: true

  '@radix-ui/react-slot@1.2.3':
    resolution: {integrity: sha512-aeNmHnBxbi2St0au6VBVC7JXFlhLlOnvIIlePNniyUNAClzmtAUEY8/pBiK3iHjufOlwA+c20/8jngo7xcrg8A==}
    peerDependencies:
      '@types/react': '*'
      react: ^16.8 || ^17.0 || ^18.0 || ^19.0 || ^19.0.0-rc
    peerDependenciesMeta:
      '@types/react':
        optional: true

  '@radix-ui/react-use-callback-ref@1.1.1':
    resolution: {integrity: sha512-FkBMwD+qbGQeMu1cOHnuGB6x4yzPjho8ap5WtbEJ26umhgqVXbhekKUQO+hZEL1vU92a3wHwdp0HAcqAUF5iDg==}
    peerDependencies:
      '@types/react': '*'
      react: ^16.8 || ^17.0 || ^18.0 || ^19.0 || ^19.0.0-rc
    peerDependenciesMeta:
      '@types/react':
        optional: true

  '@radix-ui/react-use-controllable-state@1.2.2':
    resolution: {integrity: sha512-BjasUjixPFdS+NKkypcyyN5Pmg83Olst0+c6vGov0diwTEo6mgdqVR6hxcEgFuh4QrAs7Rc+9KuGJ9TVCj0Zzg==}
    peerDependencies:
      '@types/react': '*'
      react: ^16.8 || ^17.0 || ^18.0 || ^19.0 || ^19.0.0-rc
    peerDependenciesMeta:
      '@types/react':
        optional: true

  '@radix-ui/react-use-effect-event@0.0.2':
    resolution: {integrity: sha512-Qp8WbZOBe+blgpuUT+lw2xheLP8q0oatc9UpmiemEICxGvFLYmHm9QowVZGHtJlGbS6A6yJ3iViad/2cVjnOiA==}
    peerDependencies:
      '@types/react': '*'
      react: ^16.8 || ^17.0 || ^18.0 || ^19.0 || ^19.0.0-rc
    peerDependenciesMeta:
      '@types/react':
        optional: true

  '@radix-ui/react-use-escape-keydown@1.1.1':
    resolution: {integrity: sha512-Il0+boE7w/XebUHyBjroE+DbByORGR9KKmITzbR7MyQ4akpORYP/ZmbhAr0DG7RmmBqoOnZdy2QlvajJ2QA59g==}
    peerDependencies:
      '@types/react': '*'
      react: ^16.8 || ^17.0 || ^18.0 || ^19.0 || ^19.0.0-rc
    peerDependenciesMeta:
      '@types/react':
        optional: true

  '@radix-ui/react-use-layout-effect@1.1.1':
    resolution: {integrity: sha512-RbJRS4UWQFkzHTTwVymMTUv8EqYhOp8dOOviLj2ugtTiXRaRQS7GLGxZTLL1jWhMeoSCf5zmcZkqTl9IiYfXcQ==}
    peerDependencies:
      '@types/react': '*'
      react: ^16.8 || ^17.0 || ^18.0 || ^19.0 || ^19.0.0-rc
    peerDependenciesMeta:
      '@types/react':
        optional: true

  '@swc/helpers@0.5.15':
    resolution: {integrity: sha512-JQ5TuMi45Owi4/BIMAJBoSQoOJu12oOk/gADqlcUL9JEdHB8vyjUSsxqeNXnmXHjYKMi2WcYtezGEEhqUI/E2g==}

  '@swc/helpers@0.5.18':
    resolution: {integrity: sha512-TXTnIcNJQEKwThMMqBXsZ4VGAza6bvN4pa41Rkqoio6QBKMvo+5lexeTMScGCIxtzgQJzElcvIltani+adC5PQ==}

  '@telegram-apps/telegram-ui@2.1.13':
    resolution: {integrity: sha512-W8a3pxyyLWPSp43GSOzo2i4BKcZ4okgaWiL1TU8rkwUXdANT0tR0yYDIqVRY1rOkT9mimJLK8fDQDxeuz8zOoA==}
    engines: {node: '>=18.0.0', npm: '>=7.0.0'}
    peerDependencies:
      react: ^18.2.0
      react-dom: ^18.2.0

  '@tma.js/bridge@2.2.2':
    resolution: {integrity: sha512-dL7iZzYP/VC4/qJYSXPI1GXLGP3gLTp10L7iGY6PcjB2F4xXS2JnHUoYvD2DgQG1ogjE93zWnVIMN7inx1v+Eg==}

  '@tma.js/sdk-react@3.0.15':
    resolution: {integrity: sha512-HsgqPINSBK87NIRZ+ZDol07QPhSQ3GOTofyZEH0xoaQjZWb9wVxUXwECa5ozRUdzWZI+Mgx8oD1pzrjyNkDjFA==}
    peerDependencies:
      '@types/react': ^17.0.0 || ^18.0.0 || ^19.0.0
      react: ^17.0.0 || ^18.0.0 || ^19.0.0
    peerDependenciesMeta:
      '@types/react':
        optional: true

  '@tma.js/sdk@3.1.6':
    resolution: {integrity: sha512-NENkQa7G5N9kwbL20ErUMO9Fukxl9eVhcJ439PbCg2WYMk/x9oNbx2DhEzhX4xM718zSjYejmSj1oXCKk0PxYA==}

  '@tma.js/signals@1.0.1':
    resolution: {integrity: sha512-i2HUuwGqL4BmM5KAklAUhMhlEgUOF+F4nMHHS/zxrmD0upHE/0CiXCEdQxVeeOGN6e2RrKlonA40sDtR6OUDCw==}

  '@tma.js/toolkit@1.0.4':
    resolution: {integrity: sha512-6CDlkgc+43WD2jy6jog3B50yt9t+/wRwrN25zOa4iSw4IzfqoFjaQcJzTupBYaRxz19C3Rrir7p0/qStS/Z8vw==}

  '@tma.js/transformers@1.1.3':
    resolution: {integrity: sha512-zRL+fdo/NBpGqCJfl8ItAvcJIFT5Zy6UOYJwQPmUV5/gTHgmSvmGlrP43PeVi9XZ7Ggf4xbO6LUa4ehxozhMTA==}

  '@tma.js/types@1.0.2':
    resolution: {integrity: sha512-qs4mi+U1xZmMQBdMhWAo1X4YqUJ/ae0y28s+GNCpQq58bsJo0h8rvyVOB1RwPvXogIY9+yribbZe6z3AIJmsAQ==}

  '@twa-dev/types@7.10.0':
    resolution: {integrity: sha512-BXHyNLXy+cPbOZ2qQq5ArPKcP4kUfuX3YBSFT0XUxtMNWAzvyMuYAiq59UTfQ8OnELXlfChrAoIT3c2pujBtcQ==}

  '@types/node@24.10.10':
    resolution: {integrity: sha512-+0/4J266CBGPUq/ELg7QUHhN25WYjE0wYTPSQJn1xeu8DOlIOPxXxrNGiLmfAWl7HMMgWFWXpt9IDjMWrF5Iow==}

  '@types/react-dom@19.2.3':
    resolution: {integrity: sha512-jp2L/eY6fn+KgVVQAOqYItbF0VY/YApe5Mz2F0aykSO8gx31bYCZyvSeYxCHKvzHG5eZjc+zyaS5BrBWya2+kQ==}
    peerDependencies:
      '@types/react': ^19.2.0

  '@types/react@19.2.10':
    resolution: {integrity: sha512-WPigyYuGhgZ/cTPRXB2EwUw+XvsRA3GqHlsP4qteqrnnjDrApbS7MxcGr/hke5iUoeB7E/gQtrs9I37zAJ0Vjw==}

  '@xelene/vaul-with-scroll-fix@0.1.4':
    resolution: {integrity: sha512-R9J7y92rzZKIQLtFHKtzRsb4x8G26cvwGIDSf7OQZCdROFt7xic4Yz1BlFYjm8oiQsYV4SFSQfOzatZjvxz5XQ==}
    peerDependencies:
      react: ^16.8 || ^17.0 || ^18.0
      react-dom: ^16.8 || ^17.0 || ^18.0

  aria-hidden@1.2.6:
    resolution: {integrity: sha512-ik3ZgC9dY/lYVVM++OISsaYDeg1tb0VtP5uL3ouh1koGOaUMDPpbFIei4JkFimWUFPn90sbMNMXQAIVOlnYKJA==}
    engines: {node: '>=10'}

  better-promises@1.0.0:
    resolution: {integrity: sha512-gPgL2nRgeSbMIe3QpsYdKR3K0S9OZuphVuos60Eqsw8d/6GivOkyJ5D/zmnolJ6hzh7upnnflBUWUlQh4qpU2A==}

  caniuse-lite@1.0.30001767:
    resolution: {integrity: sha512-34+zUAMhSH+r+9eKmYG+k2Rpt8XttfE4yXAjoZvkAPs15xcYQhyBYdalJ65BzivAvGRMViEjy6oKr/S91loekQ==}

  client-only@0.0.1:
    resolution: {integrity: sha512-IV3Ou0jSMzZrd3pZ48nLkT9DA7Ag1pnPzaiQhpW7c3RbcqqzvzzVu+L8gfqMp/8IM2MQtSiqaCxrrcfu8I8rMA==}

  csstype@3.2.3:
    resolution: {integrity: sha512-z1HGKcYy2xA8AGQfwrn0PAy+PB7X/GSj3UVJW9qKyn43xWa+gl5nXmU4qqLMRzWVLFC8KusUX8T/0kCiOYpAIQ==}

  detect-libc@2.1.2:
    resolution: {integrity: sha512-Btj2BOOO83o3WyH59e8MgXsxEQVcarkUOpEYrubB0urwnN10yQ364rsiByU11nZlqWYZm05i/of7io4mzihBtQ==}
    engines: {node: '>=8'}

  detect-node-es@1.1.0:
    resolution: {integrity: sha512-ypdmJU/TbBby2Dxibuv7ZLW3Bs1QEmM7nHjEANfohJLvE0XVujisn1qPJcZxg+qDucsr+bP6fLD1rPS3AhJ7EQ==}

  error-kid@1.0.2:
    resolution: {integrity: sha512-Xvq0ZrY/azCbREWKt9E/3mXDF0MkuEVVvHnOKutUhtq2O8pyneEixQ4nSFkA19Xfn+/OVSg//iVG0dxIDj7DIA==}

  fp-ts@2.16.11:
    resolution: {integrity: sha512-LaI+KaX2NFkfn1ZGHoKCmcfv7yrZsC3b8NtWsTVQeHkq4F27vI5igUuO53sxqDEa2gNQMHFPmpojDw/1zmUK7w==}

  get-nonce@1.0.1:
    resolution: {integrity: sha512-FJhYRoDaiatfEkUK8HKlicmu/3SGFD51q3itKDGoSTysQJBnfOcxU5GxnhE1E6soB76MbT0MBtnKJuXyAx+96Q==}
    engines: {node: '>=6'}

  mitt@3.0.1:
    resolution: {integrity: sha512-vKivATfr97l2/QBCYAkXYDbrIWPM2IIKEl7YPhjCvKlG3kE2gm+uBo6nEXK3M5/Ffh/FLpKExzOQ3JJoJGFKBw==}

  nanoid@3.3.11:
    resolution: {integrity: sha512-N8SpfPUnUp1bK+PMYW8qSWdl9U+wwNWI4QKxOYDy9JAro3WMX7p2OeVRF9v+347pnakNevPmiHhNmZ2HbFA76w==}
    engines: {node: ^10 || ^12 || ^13.7 || ^14 || >=15.0.1}
    hasBin: true

  next@16.0.10:
    resolution: {integrity: sha512-RtWh5PUgI+vxlV3HdR+IfWA1UUHu0+Ram/JBO4vWB54cVPentCD0e+lxyAYEsDTqGGMg7qpjhKh6dc6aW7W/sA==}
    engines: {node: '>=20.9.0'}
    hasBin: true
    peerDependencies:
      '@opentelemetry/api': ^1.1.0
      '@playwright/test': ^1.51.1
      babel-plugin-react-compiler: '*'
      react: ^18.2.0 || 19.0.0-rc-de68d2f4-20241204 || ^19.0.0
      react-dom: ^18.2.0 || 19.0.0-rc-de68d2f4-20241204 || ^19.0.0
      sass: ^1.3.0
    peerDependenciesMeta:
      '@opentelemetry/api':
        optional: true
      '@playwright/test':
        optional: true
      babel-plugin-react-compiler:
        optional: true
      sass:
        optional: true

  normalize.css@8.0.1:
    resolution: {integrity: sha512-qizSNPO93t1YUuUhP22btGOo3chcvDFqFaj2TRybP0DMxkHOCTYwp3n34fel4a31ORXy4m1Xq0Gyqpb5m33qIg==}

  picocolors@1.1.1:
    resolution: {integrity: sha512-xceH2snhtb5M9liqDsmEw56le376mTZkEX/jEb/RxNFyegNul7eNslCXP9FDj/Lcu0X8KEyMceP2ntpaHrDEVA==}

  postcss@8.4.31:
    resolution: {integrity: sha512-PS08Iboia9mts/2ygV3eLpY5ghnUcfLV/EXTOW1E2qYxJKGGBUtNjN76FYHnMs36RmARn41bC0AZmn+rR0OVpQ==}
    engines: {node: ^10 || ^12 || >=14}

  react-dom@19.2.4:
    resolution: {integrity: sha512-AXJdLo8kgMbimY95O2aKQqsz2iWi9jMgKJhRBAxECE4IFxfcazB2LmzloIoibJI3C12IlY20+KFaLv+71bUJeQ==}
    peerDependencies:
      react: ^19.2.4

  react-remove-scroll-bar@2.3.8:
    resolution: {integrity: sha512-9r+yi9+mgU33AKcj6IbT9oRCO78WriSj6t/cF8DWBZJ9aOGPOTEDvdUDz1FwKim7QXWwmHqtdHnRJfhAxEG46Q==}
    engines: {node: '>=10'}
    peerDependencies:
      '@types/react': '*'
      react: ^16.8.0 || ^17.0.0 || ^18.0.0 || ^19.0.0
    peerDependenciesMeta:
      '@types/react':
        optional: true

  react-remove-scroll@2.7.2:
    resolution: {integrity: sha512-Iqb9NjCCTt6Hf+vOdNIZGdTiH1QSqr27H/Ek9sv/a97gfueI/5h1s3yRi1nngzMUaOOToin5dI1dXKdXiF+u0Q==}
    engines: {node: '>=10'}
    peerDependencies:
      '@types/react': '*'
      react: ^16.8.0 || ^17.0.0 || ^18.0.0 || ^19.0.0 || ^19.0.0-rc
    peerDependenciesMeta:
      '@types/react':
        optional: true

  react-style-singleton@2.2.3:
    resolution: {integrity: sha512-b6jSvxvVnyptAiLjbkWLE/lOnR4lfTtDAl+eUC7RZy+QQWc6wRzIV2CE6xBuMmDxc2qIihtDCZD5NPOFl7fRBQ==}
    engines: {node: '>=10'}
    peerDependencies:
      '@types/react': '*'
      react: ^16.8.0 || ^17.0.0 || ^18.0.0 || ^19.0.0 || ^19.0.0-rc
    peerDependenciesMeta:
      '@types/react':
        optional: true

  react@19.2.4:
    resolution: {integrity: sha512-9nfp2hYpCwOjAN+8TZFGhtWEwgvWHXqESH8qT89AT/lWklpLON22Lc8pEtnpsZz7VmawabSU0gCjnj8aC0euHQ==}
    engines: {node: '>=0.10.0'}

  scheduler@0.27.0:
    resolution: {integrity: sha512-eNv+WrVbKu1f3vbYJT/xtiF5syA5HPIMtf9IgY/nKg0sWqzAUEvqY/xm7OcZc/qafLx/iO9FgOmeSAp4v5ti/Q==}

  semver@7.7.3:
    resolution: {integrity: sha512-SdsKMrI9TdgjdweUSR9MweHA4EJ8YxHn8DFaDisvhVlUOe4BF1tLD7GAj0lIqWVl+dPb/rExr0Btby5loQm20Q==}
    engines: {node: '>=10'}
    hasBin: true

  sharp@0.34.5:
    resolution: {integrity: sha512-Ou9I5Ft9WNcCbXrU9cMgPBcCK8LiwLqcbywW3t4oDV37n1pzpuNLsYiAV8eODnjbtQlSDwZ2cUEeQz4E54Hltg==}
    engines: {node: ^18.17.0 || ^20.3.0 || >=21.0.0}

  source-map-js@1.2.1:
    resolution: {integrity: sha512-UXWMKhLOwVKb728IUtQPXxfYU+usdybtUrK/8uGE8CQMvrhOpwvzDBwj0QhSL7MQc7vIsISBG8VQ8+IDQxpfQA==}
    engines: {node: '>=0.10.0'}

  styled-jsx@5.1.6:
    resolution: {integrity: sha512-qSVyDTeMotdvQYoHWLNGwRFJHC+i+ZvdBRYosOFgC+Wg1vx4frN2/RG/NA7SYqqvKNLf39P2LSRA2pu6n0XYZA==}
    engines: {node: '>= 12.0.0'}
    peerDependencies:
      '@babel/core': '*'
      babel-plugin-macros: '*'
      react: '>= 16.8.0 || 17.x.x || ^18.0.0-0 || ^19.0.0-0'
    peerDependenciesMeta:
      '@babel/core':
        optional: true
      babel-plugin-macros:
        optional: true

  tslib@2.8.1:
    resolution: {integrity: sha512-oJFu94HQb+KVduSUQL7wnpmqnfmLsOA/nAh6b6EH0wCEoK0/mPeXU6c3wKDV83MkOuHPRHtSXKKU99IBazS/2w==}

  typescript@5.9.3:
    resolution: {integrity: sha512-jl1vZzPDinLr9eUt3J/t7V6FgNEw9QjvBPdysz9KfQDD41fQrC2Y4vKQdiaUpFT4bXlb1RHhLpp8wtm6M5TgSw==}
    engines: {node: '>=14.17'}
    hasBin: true

  undici-types@7.16.0:
    resolution: {integrity: sha512-Zz+aZWSj8LE6zoxD+xrjh4VfkIG8Ya6LvYkZqtUQGJPZjYl53ypCaUwWqo7eI0x66KBGeRo+mlBEkMSeSZ38Nw==}

  use-callback-ref@1.3.3:
    resolution: {integrity: sha512-jQL3lRnocaFtu3V00JToYz/4QkNWswxijDaCVNZRiRTO3HQDLsdu1ZtmIUvV4yPp+rvWm5j0y0TG/S61cuijTg==}
    engines: {node: '>=10'}
    peerDependencies:
      '@types/react': '*'
      react: ^16.8.0 || ^17.0.0 || ^18.0.0 || ^19.0.0 || ^19.0.0-rc
    peerDependenciesMeta:
      '@types/react':
        optional: true

  use-sidecar@1.1.3:
    resolution: {integrity: sha512-Fedw0aZvkhynoPYlA5WXrMCAMm+nSWdZt6lzJQ7Ok8S6Q+VsHmHpRWndVRJ8Be0ZbkfPc5LRYH+5XrzXcEeLRQ==}
    engines: {node: '>=10'}
    peerDependencies:
      '@types/react': '*'
      react: ^16.8.0 || ^17.0.0 || ^18.0.0 || ^19.0.0 || ^19.0.0-rc
    peerDependenciesMeta:
      '@types/react':
        optional: true

  valibot@1.2.0:
    resolution: {integrity: sha512-mm1rxUsmOxzrwnX5arGS+U4T25RdvpPjPN4yR0u9pUBov9+zGVtO84tif1eY4r6zWxVxu3KzIyknJy3rxfRZZg==}
    peerDependencies:
      typescript: '>=5'
    peerDependenciesMeta:
      typescript:
        optional: true

snapshots:

  '@emnapi/runtime@1.8.1':
    dependencies:
      tslib: 2.8.1
    optional: true

  '@floating-ui/core@1.7.4':
    dependencies:
      '@floating-ui/utils': 0.2.10

  '@floating-ui/dom@1.7.5':
    dependencies:
      '@floating-ui/core': 1.7.4
      '@floating-ui/utils': 0.2.10

  '@floating-ui/react-dom@2.1.7(react-dom@19.2.4(react@19.2.4))(react@19.2.4)':
    dependencies:
      '@floating-ui/dom': 1.7.5
      react: 19.2.4
      react-dom: 19.2.4(react@19.2.4)

  '@floating-ui/utils@0.2.10': {}

  '@img/colour@1.0.0':
    optional: true

  '@img/sharp-darwin-arm64@0.34.5':
    optionalDependencies:
      '@img/sharp-libvips-darwin-arm64': 1.2.4
    optional: true

  '@img/sharp-darwin-x64@0.34.5':
    optionalDependencies:
      '@img/sharp-libvips-darwin-x64': 1.2.4
    optional: true

  '@img/sharp-libvips-darwin-arm64@1.2.4':
    optional: true

  '@img/sharp-libvips-darwin-x64@1.2.4':
    optional: true

  '@img/sharp-libvips-linux-arm64@1.2.4':
    optional: true

  '@img/sharp-libvips-linux-arm@1.2.4':
    optional: true

  '@img/sharp-libvips-linux-ppc64@1.2.4':
    optional: true

  '@img/sharp-libvips-linux-riscv64@1.2.4':
    optional: true

  '@img/sharp-libvips-linux-s390x@1.2.4':
    optional: true

  '@img/sharp-libvips-linux-x64@1.2.4':
    optional: true

  '@img/sharp-libvips-linuxmusl-arm64@1.2.4':
    optional: true

  '@img/sharp-libvips-linuxmusl-x64@1.2.4':
    optional: true

  '@img/sharp-linux-arm64@0.34.5':
    optionalDependencies:
      '@img/sharp-libvips-linux-arm64': 1.2.4
    optional: true

  '@img/sharp-linux-arm@0.34.5':
    optionalDependencies:
      '@img/sharp-libvips-linux-arm': 1.2.4
    optional: true

  '@img/sharp-linux-ppc64@0.34.5':
    optionalDependencies:
      '@img/sharp-libvips-linux-ppc64': 1.2.4
    optional: true

  '@img/sharp-linux-riscv64@0.34.5':
    optionalDependencies:
      '@img/sharp-libvips-linux-riscv64': 1.2.4
    optional: true

  '@img/sharp-linux-s390x@0.34.5':
    optionalDependencies:
      '@img/sharp-libvips-linux-s390x': 1.2.4
    optional: true

  '@img/sharp-linux-x64@0.34.5':
    optionalDependencies:
      '@img/sharp-libvips-linux-x64': 1.2.4
    optional: true

  '@img/sharp-linuxmusl-arm64@0.34.5':
    optionalDependencies:
      '@img/sharp-libvips-linuxmusl-arm64': 1.2.4
    optional: true

  '@img/sharp-linuxmusl-x64@0.34.5':
    optionalDependencies:
      '@img/sharp-libvips-linuxmusl-x64': 1.2.4
    optional: true

  '@img/sharp-wasm32@0.34.5':
    dependencies:
      '@emnapi/runtime': 1.8.1
    optional: true

  '@img/sharp-win32-arm64@0.34.5':
    optional: true

  '@img/sharp-win32-ia32@0.34.5':
    optional: true

  '@img/sharp-win32-x64@0.34.5':
    optional: true

  '@next/env@16.0.10': {}

  '@next/swc-darwin-arm64@16.0.10':
    optional: true

  '@next/swc-darwin-x64@16.0.10':
    optional: true

  '@next/swc-linux-arm64-gnu@16.0.10':
    optional: true

  '@next/swc-linux-arm64-musl@16.0.10':
    optional: true

  '@next/swc-linux-x64-gnu@16.0.10':
    optional: true

  '@next/swc-linux-x64-musl@16.0.10':
    optional: true

  '@next/swc-win32-arm64-msvc@16.0.10':
    optional: true

  '@next/swc-win32-x64-msvc@16.0.10':
    optional: true

  '@radix-ui/primitive@1.1.3': {}

  '@radix-ui/react-compose-refs@1.1.2(@types/react@19.2.10)(react@19.2.4)':
    dependencies:
      react: 19.2.4
    optionalDependencies:
      '@types/react': 19.2.10

  '@radix-ui/react-context@1.1.2(@types/react@19.2.10)(react@19.2.4)':
    dependencies:
      react: 19.2.4
    optionalDependencies:
      '@types/react': 19.2.10

  '@radix-ui/react-dialog@1.1.15(@types/react-dom@19.2.3(@types/react@19.2.10))(@types/react@19.2.10)(react-dom@19.2.4(react@19.2.4))(react@19.2.4)':
    dependencies:
      '@radix-ui/primitive': 1.1.3
      '@radix-ui/react-compose-refs': 1.1.2(@types/react@19.2.10)(react@19.2.4)
      '@radix-ui/react-context': 1.1.2(@types/react@19.2.10)(react@19.2.4)
      '@radix-ui/react-dismissable-layer': 1.1.11(@types/react-dom@19.2.3(@types/react@19.2.10))(@types/react@19.2.10)(react-dom@19.2.4(react@19.2.4))(react@19.2.4)
      '@radix-ui/react-focus-guards': 1.1.3(@types/react@19.2.10)(react@19.2.4)
      '@radix-ui/react-focus-scope': 1.1.7(@types/react-dom@19.2.3(@types/react@19.2.10))(@types/react@19.2.10)(react-dom@19.2.4(react@19.2.4))(react@19.2.4)
      '@radix-ui/react-id': 1.1.1(@types/react@19.2.10)(react@19.2.4)
      '@radix-ui/react-portal': 1.1.9(@types/react-dom@19.2.3(@types/react@19.2.10))(@types/react@19.2.10)(react-dom@19.2.4(react@19.2.4))(react@19.2.4)
      '@radix-ui/react-presence': 1.1.5(@types/react-dom@19.2.3(@types/react@19.2.10))(@types/react@19.2.10)(react-dom@19.2.4(react@19.2.4))(react@19.2.4)
      '@radix-ui/react-primitive': 2.1.3(@types/react-dom@19.2.3(@types/react@19.2.10))(@types/react@19.2.10)(react-dom@19.2.4(react@19.2.4))(react@19.2.4)
      '@radix-ui/react-slot': 1.2.3(@types/react@19.2.10)(react@19.2.4)
      '@radix-ui/react-use-controllable-state': 1.2.2(@types/react@19.2.10)(react@19.2.4)
      aria-hidden: 1.2.6
      react: 19.2.4
      react-dom: 19.2.4(react@19.2.4)
      react-remove-scroll: 2.7.2(@types/react@19.2.10)(react@19.2.4)
    optionalDependencies:
      '@types/react': 19.2.10
      '@types/react-dom': 19.2.3(@types/react@19.2.10)

  '@radix-ui/react-dismissable-layer@1.1.11(@types/react-dom@19.2.3(@types/react@19.2.10))(@types/react@19.2.10)(react-dom@19.2.4(react@19.2.4))(react@19.2.4)':
    dependencies:
      '@radix-ui/primitive': 1.1.3
      '@radix-ui/react-compose-refs': 1.1.2(@types/react@19.2.10)(react@19.2.4)
      '@radix-ui/react-primitive': 2.1.3(@types/react-dom@19.2.3(@types/react@19.2.10))(@types/react@19.2.10)(react-dom@19.2.4(react@19.2.4))(react@19.2.4)
      '@radix-ui/react-use-callback-ref': 1.1.1(@types/react@19.2.10)(react@19.2.4)
      '@radix-ui/react-use-escape-keydown': 1.1.1(@types/react@19.2.10)(react@19.2.4)
      react: 19.2.4
      react-dom: 19.2.4(react@19.2.4)
    optionalDependencies:
      '@types/react': 19.2.10
      '@types/react-dom': 19.2.3(@types/react@19.2.10)

  '@radix-ui/react-focus-guards@1.1.3(@types/react@19.2.10)(react@19.2.4)':
    dependencies:
      react: 19.2.4
    optionalDependencies:
      '@types/react': 19.2.10

  '@radix-ui/react-focus-scope@1.1.7(@types/react-dom@19.2.3(@types/react@19.2.10))(@types/react@19.2.10)(react-dom@19.2.4(react@19.2.4))(react@19.2.4)':
    dependencies:
      '@radix-ui/react-compose-refs': 1.1.2(@types/react@19.2.10)(react@19.2.4)
      '@radix-ui/react-primitive': 2.1.3(@types/react-dom@19.2.3(@types/react@19.2.10))(@types/react@19.2.10)(react-dom@19.2.4(react@19.2.4))(react@19.2.4)
      '@radix-ui/react-use-callback-ref': 1.1.1(@types/react@19.2.10)(react@19.2.4)
      react: 19.2.4
      react-dom: 19.2.4(react@19.2.4)
    optionalDependencies:
      '@types/react': 19.2.10
      '@types/react-dom': 19.2.3(@types/react@19.2.10)

  '@radix-ui/react-id@1.1.1(@types/react@19.2.10)(react@19.2.4)':
    dependencies:
      '@radix-ui/react-use-layout-effect': 1.1.1(@types/react@19.2.10)(react@19.2.4)
      react: 19.2.4
    optionalDependencies:
      '@types/react': 19.2.10

  '@radix-ui/react-portal@1.1.9(@types/react-dom@19.2.3(@types/react@19.2.10))(@types/react@19.2.10)(react-dom@19.2.4(react@19.2.4))(react@19.2.4)':
    dependencies:
      '@radix-ui/react-primitive': 2.1.3(@types/react-dom@19.2.3(@types/react@19.2.10))(@types/react@19.2.10)(react-dom@19.2.4(react@19.2.4))(react@19.2.4)
      '@radix-ui/react-use-layout-effect': 1.1.1(@types/react@19.2.10)(react@19.2.4)
      react: 19.2.4
      react-dom: 19.2.4(react@19.2.4)
    optionalDependencies:
      '@types/react': 19.2.10
      '@types/react-dom': 19.2.3(@types/react@19.2.10)

  '@radix-ui/react-presence@1.1.5(@types/react-dom@19.2.3(@types/react@19.2.10))(@types/react@19.2.10)(react-dom@19.2.4(react@19.2.4))(react@19.2.4)':
    dependencies:
      '@radix-ui/react-compose-refs': 1.1.2(@types/react@19.2.10)(react@19.2.4)
      '@radix-ui/react-use-layout-effect': 1.1.1(@types/react@19.2.10)(react@19.2.4)
      react: 19.2.4
      react-dom: 19.2.4(react@19.2.4)
    optionalDependencies:
      '@types/react': 19.2.10
      '@types/react-dom': 19.2.3(@types/react@19.2.10)

  '@radix-ui/react-primitive@2.1.3(@types/react-dom@19.2.3(@types/react@19.2.10))(@types/react@19.2.10)(react-dom@19.2.4(react@19.2.4))(react@19.2.4)':
    dependencies:
      '@radix-ui/react-slot': 1.2.3(@types/react@19.2.10)(react@19.2.4)
      react: 19.2.4
      react-dom: 19.2.4(react@19.2.4)
    optionalDependencies:
      '@types/react': 19.2.10
      '@types/react-dom': 19.2.3(@types/react@19.2.10)

  '@radix-ui/react-slot@1.2.3(@types/react@19.2.10)(react@19.2.4)':
    dependencies:
      '@radix-ui/react-compose-refs': 1.1.2(@types/react@19.2.10)(react@19.2.4)
      react: 19.2.4
    optionalDependencies:
      '@types/react': 19.2.10

  '@radix-ui/react-use-callback-ref@1.1.1(@types/react@19.2.10)(react@19.2.4)':
    dependencies:
      react: 19.2.4
    optionalDependencies:
      '@types/react': 19.2.10

  '@radix-ui/react-use-controllable-state@1.2.2(@types/react@19.2.10)(react@19.2.4)':
    dependencies:
      '@radix-ui/react-use-effect-event': 0.0.2(@types/react@19.2.10)(react@19.2.4)
      '@radix-ui/react-use-layout-effect': 1.1.1(@types/react@19.2.10)(react@19.2.4)
      react: 19.2.4
    optionalDependencies:
      '@types/react': 19.2.10

  '@radix-ui/react-use-effect-event@0.0.2(@types/react@19.2.10)(react@19.2.4)':
    dependencies:
      '@radix-ui/react-use-layout-effect': 1.1.1(@types/react@19.2.10)(react@19.2.4)
      react: 19.2.4
    optionalDependencies:
      '@types/react': 19.2.10

  '@radix-ui/react-use-escape-keydown@1.1.1(@types/react@19.2.10)(react@19.2.4)':
    dependencies:
      '@radix-ui/react-use-callback-ref': 1.1.1(@types/react@19.2.10)(react@19.2.4)
      react: 19.2.4
    optionalDependencies:
      '@types/react': 19.2.10

  '@radix-ui/react-use-layout-effect@1.1.1(@types/react@19.2.10)(react@19.2.4)':
    dependencies:
      react: 19.2.4
    optionalDependencies:
      '@types/react': 19.2.10

  '@swc/helpers@0.5.15':
    dependencies:
      tslib: 2.8.1

  '@swc/helpers@0.5.18':
    dependencies:
      tslib: 2.8.1

  '@telegram-apps/telegram-ui@2.1.13(@types/react-dom@19.2.3(@types/react@19.2.10))(@types/react@19.2.10)(react-dom@19.2.4(react@19.2.4))(react@19.2.4)':
    dependencies:
      '@floating-ui/react-dom': 2.1.7(react-dom@19.2.4(react@19.2.4))(react@19.2.4)
      '@swc/helpers': 0.5.18
      '@twa-dev/types': 7.10.0
      '@xelene/vaul-with-scroll-fix': 0.1.4(@types/react-dom@19.2.3(@types/react@19.2.10))(@types/react@19.2.10)(react-dom@19.2.4(react@19.2.4))(react@19.2.4)
      react: 19.2.4
      react-dom: 19.2.4(react@19.2.4)
    transitivePeerDependencies:
      - '@types/react'
      - '@types/react-dom'

  '@tma.js/bridge@2.2.2(typescript@5.9.3)':
    dependencies:
      '@tma.js/signals': 1.0.1
      '@tma.js/toolkit': 1.0.4
      '@tma.js/transformers': 1.1.3(typescript@5.9.3)
      '@tma.js/types': 1.0.2
      better-promises: 1.0.0
      error-kid: 1.0.2
      fp-ts: 2.16.11
      mitt: 3.0.1
      valibot: 1.2.0(typescript@5.9.3)
    transitivePeerDependencies:
      - typescript

  '@tma.js/sdk-react@3.0.15(@types/react@19.2.10)(react@19.2.4)(typescript@5.9.3)':
    dependencies:
      '@tma.js/sdk': 3.1.6(typescript@5.9.3)
      react: 19.2.4
    optionalDependencies:
      '@types/react': 19.2.10
    transitivePeerDependencies:
      - typescript

  '@tma.js/sdk@3.1.6(typescript@5.9.3)':
    dependencies:
      '@tma.js/bridge': 2.2.2(typescript@5.9.3)
      '@tma.js/signals': 1.0.1
      '@tma.js/toolkit': 1.0.4
      '@tma.js/transformers': 1.1.3(typescript@5.9.3)
      '@tma.js/types': 1.0.2
      better-promises: 1.0.0
      error-kid: 1.0.2
      fp-ts: 2.16.11
      valibot: 1.2.0(typescript@5.9.3)
    transitivePeerDependencies:
      - typescript

  '@tma.js/signals@1.0.1': {}

  '@tma.js/toolkit@1.0.4':
    dependencies:
      better-promises: 1.0.0
      fp-ts: 2.16.11

  '@tma.js/transformers@1.1.3(typescript@5.9.3)':
    dependencies:
      '@tma.js/toolkit': 1.0.4
      '@tma.js/types': 1.0.2
      fp-ts: 2.16.11
      valibot: 1.2.0(typescript@5.9.3)
    transitivePeerDependencies:
      - typescript

  '@tma.js/types@1.0.2': {}

  '@twa-dev/types@7.10.0': {}

  '@types/node@24.10.10':
    dependencies:
      undici-types: 7.16.0

  '@types/react-dom@19.2.3(@types/react@19.2.10)':
    dependencies:
      '@types/react': 19.2.10

  '@types/react@19.2.10':
    dependencies:
      csstype: 3.2.3

  '@xelene/vaul-with-scroll-fix@0.1.4(@types/react-dom@19.2.3(@types/react@19.2.10))(@types/react@19.2.10)(react-dom@19.2.4(react@19.2.4))(react@19.2.4)':
    dependencies:
      '@radix-ui/react-dialog': 1.1.15(@types/react-dom@19.2.3(@types/react@19.2.10))(@types/react@19.2.10)(react-dom@19.2.4(react@19.2.4))(react@19.2.4)
      react: 19.2.4
      react-dom: 19.2.4(react@19.2.4)
    transitivePeerDependencies:
      - '@types/react'
      - '@types/react-dom'

  aria-hidden@1.2.6:
    dependencies:
      tslib: 2.8.1

  better-promises@1.0.0:
    dependencies:
      error-kid: 1.0.2

  caniuse-lite@1.0.30001767: {}

  client-only@0.0.1: {}

  csstype@3.2.3: {}

  detect-libc@2.1.2:
    optional: true

  detect-node-es@1.1.0: {}

  error-kid@1.0.2: {}

  fp-ts@2.16.11: {}

  get-nonce@1.0.1: {}

  mitt@3.0.1: {}

  nanoid@3.3.11: {}

  next@16.0.10(react-dom@19.2.4(react@19.2.4))(react@19.2.4):
    dependencies:
      '@next/env': 16.0.10
      '@swc/helpers': 0.5.15
      caniuse-lite: 1.0.30001767
      postcss: 8.4.31
      react: 19.2.4
      react-dom: 19.2.4(react@19.2.4)
      styled-jsx: 5.1.6(react@19.2.4)
    optionalDependencies:
      '@next/swc-darwin-arm64': 16.0.10
      '@next/swc-darwin-x64': 16.0.10
      '@next/swc-linux-arm64-gnu': 16.0.10
      '@next/swc-linux-arm64-musl': 16.0.10
      '@next/swc-linux-x64-gnu': 16.0.10
      '@next/swc-linux-x64-musl': 16.0.10
      '@next/swc-win32-arm64-msvc': 16.0.10
      '@next/swc-win32-x64-msvc': 16.0.10
      sharp: 0.34.5
    transitivePeerDependencies:
      - '@babel/core'
      - babel-plugin-macros

  normalize.css@8.0.1: {}

  picocolors@1.1.1: {}

  postcss@8.4.31:
    dependencies:
      nanoid: 3.3.11
      picocolors: 1.1.1
      source-map-js: 1.2.1

  react-dom@19.2.4(react@19.2.4):
    dependencies:
      react: 19.2.4
      scheduler: 0.27.0

  react-remove-scroll-bar@2.3.8(@types/react@19.2.10)(react@19.2.4):
    dependencies:
      react: 19.2.4
      react-style-singleton: 2.2.3(@types/react@19.2.10)(react@19.2.4)
      tslib: 2.8.1
    optionalDependencies:
      '@types/react': 19.2.10

  react-remove-scroll@2.7.2(@types/react@19.2.10)(react@19.2.4):
    dependencies:
      react: 19.2.4
      react-remove-scroll-bar: 2.3.8(@types/react@19.2.10)(react@19.2.4)
      react-style-singleton: 2.2.3(@types/react@19.2.10)(react@19.2.4)
      tslib: 2.8.1
      use-callback-ref: 1.3.3(@types/react@19.2.10)(react@19.2.4)
      use-sidecar: 1.1.3(@types/react@19.2.10)(react@19.2.4)
    optionalDependencies:
      '@types/react': 19.2.10

  react-style-singleton@2.2.3(@types/react@19.2.10)(react@19.2.4):
    dependencies:
      get-nonce: 1.0.1
      react: 19.2.4
      tslib: 2.8.1
    optionalDependencies:
      '@types/react': 19.2.10

  react@19.2.4: {}

  scheduler@0.27.0: {}

  semver@7.7.3:
    optional: true

  sharp@0.34.5:
    dependencies:
      '@img/colour': 1.0.0
      detect-libc: 2.1.2
      semver: 7.7.3
    optionalDependencies:
      '@img/sharp-darwin-arm64': 0.34.5
      '@img/sharp-darwin-x64': 0.34.5
      '@img/sharp-libvips-darwin-arm64': 1.2.4
      '@img/sharp-libvips-darwin-x64': 1.2.4
      '@img/sharp-libvips-linux-arm': 1.2.4
      '@img/sharp-libvips-linux-arm64': 1.2.4
      '@img/sharp-libvips-linux-ppc64': 1.2.4
      '@img/sharp-libvips-linux-riscv64': 1.2.4
      '@img/sharp-libvips-linux-s390x': 1.2.4
      '@img/sharp-libvips-linux-x64': 1.2.4
      '@img/sharp-libvips-linuxmusl-arm64': 1.2.4
      '@img/sharp-libvips-linuxmusl-x64': 1.2.4
      '@img/sharp-linux-arm': 0.34.5
      '@img/sharp-linux-arm64': 0.34.5
      '@img/sharp-linux-ppc64': 0.34.5
      '@img/sharp-linux-riscv64': 0.34.5
      '@img/sharp-linux-s390x': 0.34.5
      '@img/sharp-linux-x64': 0.34.5
      '@img/sharp-linuxmusl-arm64': 0.34.5
      '@img/sharp-linuxmusl-x64': 0.34.5
      '@img/sharp-wasm32': 0.34.5
      '@img/sharp-win32-arm64': 0.34.5
      '@img/sharp-win32-ia32': 0.34.5
      '@img/sharp-win32-x64': 0.34.5
    optional: true

  source-map-js@1.2.1: {}

  styled-jsx@5.1.6(react@19.2.4):
    dependencies:
      client-only: 0.0.1
      react: 19.2.4

  tslib@2.8.1: {}

  typescript@5.9.3: {}

  undici-types@7.16.0: {}

  use-callback-ref@1.3.3(@types/react@19.2.10)(react@19.2.4):
    dependencies:
      react: 19.2.4
      tslib: 2.8.1
    optionalDependencies:
      '@types/react': 19.2.10

  use-sidecar@1.1.3(@types/react@19.2.10)(react@19.2.4):
    dependencies:
      detect-node-es: 1.1.0
      react: 19.2.4
      tslib: 2.8.1
    optionalDependencies:
      '@types/react': 19.2.10

  valibot@1.2.0(typescript@5.9.3):
    optionalDependencies:
      typescript: 5.9.3
